{
  "name": "iso-3166-2.json",
  "version": "0.1.2",
  "lockfileVersion": 3,
  "requires": true,
  "packages": {
    "": {
      "name": "iso-3166-2.json",
      "version": "0.1.2",
      "license": "ISC",
      "devDependencies": {
        "csv-parse": "7.0.3"
      },
      "engines": {
        "node": ">=22.12.0"
      }
    },
    "node_modules/csv-parse": {
      "version": "7.0.3",
      "resolved": "https://registry.npmjs.org/csv-parse/-/csv-parse-7.0.3.tgz",
      "integrity": "sha512-YFd3QM/yo17vH91L1IOZuvl09zM0zEEtdfTcOCKWcMdM++MNaQSyp09slXyFCLaPXvHstQFx/xC8myiFHSMUvw==",
      "dev": true,
      "license": "MIT"
    }
  }
}
